
Microsoft Visual Studio Solution File, Format Version 12.00
# Visual Studio Version 16
VisualStudioVersion = 16.0.30204.135
MinimumVisualStudioVersion = 10.0.40219.1
Project("{FAE04EC0-301F-11D3-BF4B-00C04F79EFBC}") = "StatePattern", "StatePattern.csproj", "{3781BEA7-B085-47EE-AE16-1DAF521F05A7}"
EndProject
Global
	GlobalSection(SolutionConfigurationPlatforms) = preSolution
		Debug|Any CPU = Debug|Any CPU
		Release|Any CPU = Release|Any CPU
	EndGlobalSection
	GlobalSection(ProjectConfigurationPlatforms) = postSolution
		{3781BEA7-B085-47EE-AE16-1DAF521F05A7}.Debug|Any CPU.ActiveCfg = Debug|Any CPU
		{3781BEA7-B085-47EE-AE16-1DAF521F05A7}.Debug|Any CPU.Build.0 = Debug|Any CPU
		{3781BEA7-B085-47EE-AE16-1DAF521F05A7}.Release|Any CPU.ActiveCfg = Release|Any CPU
		{3781BEA7-B085-47EE-AE16-1DAF521F05A7}.Release|Any CPU.Build.0 = Release|Any CPU
	EndGlobalSection
	GlobalSection(SolutionProperties) = preSolution
		HideSolutionNode = FALSE
	EndGlobalSection
	GlobalSection(ExtensibilityGlobals) = postSolution
		SolutionGuid = {10AF87F3-5AAB-4025-8001-0B7B7866BA6F}
	EndGlobalSection
EndGlobal
