
Microsoft Visual Studio Solution File, Format Version 12.00
# Visual Studio Version 16
VisualStudioVersion = 16.0.30204.135
MinimumVisualStudioVersion = 10.0.40219.1
Project("{FAE04EC0-301F-11D3-BF4B-00C04F79EFBC}") = "Observer_Pattern", "Observer_Pattern.csproj", "{A5EF1D2E-1CAE-459A-9BCC-BF007B53898B}"
EndProject
Global
	GlobalSection(SolutionConfigurationPlatforms) = preSolution
		Debug|Any CPU = Debug|Any CPU
		Release|Any CPU = Release|Any CPU
	EndGlobalSection
	GlobalSection(ProjectConfigurationPlatforms) = postSolution
		{A5EF1D2E-1CAE-459A-9BCC-BF007B53898B}.Debug|Any CPU.ActiveCfg = Debug|Any CPU
		{A5EF1D2E-1CAE-459A-9BCC-BF007B53898B}.Debug|Any CPU.Build.0 = Debug|Any CPU
		{A5EF1D2E-1CAE-459A-9BCC-BF007B53898B}.Release|Any CPU.ActiveCfg = Release|Any CPU
		{A5EF1D2E-1CAE-459A-9BCC-BF007B53898B}.Release|Any CPU.Build.0 = Release|Any CPU
	EndGlobalSection
	GlobalSection(SolutionProperties) = preSolution
		HideSolutionNode = FALSE
	EndGlobalSection
	GlobalSection(ExtensibilityGlobals) = postSolution
		SolutionGuid = {842D3194-01E8-47C0-9622-DC1589C3EDF1}
	EndGlobalSection
EndGlobal
